{
  "name": "testBot",
  "version": "1.0.0",
  "lockfileVersion": 2,
  "requires": true,
  "packages": {
    "": {
      "name": "testBot",
      "version": "1.0.0",
      "license": "ISC",
      "dependencies": {
        "index.js": "^0.0.3"
      }
    },
    "node_modules/index.js": {
      "version": "0.0.3",
      "resolved": "https://registry.npmjs.org/index.js/-/index.js-0.0.3.tgz",
      "integrity": "sha1-JzOx9IbciQ7QJpiQJPWC2DXFI6w="
    }
  },
  "dependencies": {
    "index.js": {
      "version": "0.0.3",
      "resolved": "https://registry.npmjs.org/index.js/-/index.js-0.0.3.tgz",
      "integrity": "sha1-JzOx9IbciQ7QJpiQJPWC2DXFI6w="
    }
  }
}
